
Microsoft Visual Studio Solution File, Format Version 12.00
# Visual Studio 15
VisualStudioVersion = 15.0.28307.1321
MinimumVisualStudioVersion = 10.0.40219.1
Project("{FAE04EC0-301F-11D3-BF4B-00C04F79EFBC}") = "Eticaretproject", "Eticaretproject\Eticaretproject.csproj", "{676018D4-76F5-4E5C-920E-D0819932F229}"
EndProject
Project("{FAE04EC0-301F-11D3-BF4B-00C04F79EFBC}") = "eticaretsitesi", "eticaretsitesi\eticaretsitesi.csproj", "{F4C50E5E-C899-4DE0-B603-9DDF6B9974F9}"
EndProject
Global
	GlobalSection(SolutionConfigurationPlatforms) = preSolution
		Debug|Any CPU = Debug|Any CPU
		Release|Any CPU = Release|Any CPU
	EndGlobalSection
	GlobalSection(ProjectConfigurationPlatforms) = postSolution
		{676018D4-76F5-4E5C-920E-D0819932F229}.Debug|Any CPU.ActiveCfg = Debug|Any CPU
		{676018D4-76F5-4E5C-920E-D0819932F229}.Debug|Any CPU.Build.0 = Debug|Any CPU
		{676018D4-76F5-4E5C-920E-D0819932F229}.Release|Any CPU.ActiveCfg = Release|Any CPU
		{676018D4-76F5-4E5C-920E-D0819932F229}.Release|Any CPU.Build.0 = Release|Any CPU
		{F4C50E5E-C899-4DE0-B603-9DDF6B9974F9}.Debug|Any CPU.ActiveCfg = Debug|Any CPU
		{F4C50E5E-C899-4DE0-B603-9DDF6B9974F9}.Debug|Any CPU.Build.0 = Debug|Any CPU
		{F4C50E5E-C899-4DE0-B603-9DDF6B9974F9}.Release|Any CPU.ActiveCfg = Release|Any CPU
		{F4C50E5E-C899-4DE0-B603-9DDF6B9974F9}.Release|Any CPU.Build.0 = Release|Any CPU
	EndGlobalSection
	GlobalSection(SolutionProperties) = preSolution
		HideSolutionNode = FALSE
	EndGlobalSection
	GlobalSection(ExtensibilityGlobals) = postSolution
		SolutionGuid = {7623EC3F-C238-4538-BEC6-87DB57FA0E79}
	EndGlobalSection
EndGlobal
